{
  "name": "aora",
  "version": "1.0.0",
  "lockfileVersion": 3,
  "requires": true,
  "packages": {
    "": {
      "name": "aora",
      "version": "1.0.0",
      "license": "ISC",
      "dependencies": {
        "node-unrar-js": "^2.0.2"
      }
    },
    "node_modules/node-unrar-js": {
      "version": "2.0.2",
      "resolved": "https://registry.npmmirror.com/node-unrar-js/-/node-unrar-js-2.0.2.tgz",
      "integrity": "sha512-hLNmoJzqaKJnod8yiTVGe9hnlNRHotUi0CreSv/8HtfRi/3JnRC8DvsmKfeGGguRjTEulhZK6zXX5PXoVuDZ2w==",
      "license": "MIT",
      "engines": {
        "node": ">=10.0.0"
      }
    }
  }
}
